
Microsoft Visual Studio Solution File, Format Version 12.00
# Visual Studio 15
VisualStudioVersion = 15.0.27428.2027
MinimumVisualStudioVersion = 10.0.40219.1
Project("{FAE04EC0-301F-11D3-BF4B-00C04F79EFBC}") = "SpringBoardLayout.Android", "SpringBoardLayout\SpringBoardLayout.Android\SpringBoardLayout.Android.csproj", "{0CAEE7EB-5C3F-4764-876E-2F03AE7D95DC}"
EndProject
Project("{FAE04EC0-301F-11D3-BF4B-00C04F79EFBC}") = "SpringBoardLayout.iOS", "SpringBoardLayout\SpringBoardLayout.iOS\SpringBoardLayout.iOS.csproj", "{009F8B4C-C064-4D27-BE89-7C5F588CC0AA}"
EndProject
Project("{FAE04EC0-301F-11D3-BF4B-00C04F79EFBC}") = "SpringBoardLayout.UWP", "SpringBoardLayout\SpringBoardLayout.UWP\SpringBoardLayout.UWP.csproj", "{25AADDB3-7921-4F77-BB3F-077C4FA4824A}"
EndProject
Project("{FAE04EC0-301F-11D3-BF4B-00C04F79EFBC}") = "SpringBoardLayout", "SpringBoardLayout\SpringBoardLayout\SpringBoardLayout.csproj", "{BE059068-7D8B-4B39-A65E-BA68734521D7}"
EndProject
Global
	GlobalSection(SolutionConfigurationPlatforms) = preSolution
		Ad-Hoc|Any CPU = Ad-Hoc|Any CPU
		Ad-Hoc|ARM = Ad-Hoc|ARM
		Ad-Hoc|iPhone = Ad-Hoc|iPhone
		Ad-Hoc|iPhoneSimulator = Ad-Hoc|iPhoneSimulator
		Ad-Hoc|x64 = Ad-Hoc|x64
		Ad-Hoc|x86 = Ad-Hoc|x86
		AppStore|Any CPU = AppStore|Any CPU
		AppStore|ARM = AppStore|ARM
		AppStore|iPhone = AppStore|iPhone
		AppStore|iPhoneSimulator = AppStore|iPhoneSimulator
		AppStore|x64 = AppStore|x64
		AppStore|x86 = AppStore|x86
		Debug|Any CPU = Debug|Any CPU
		Debug|ARM = Debug|ARM
		Debug|iPhone = Debug|iPhone
		Debug|iPhoneSimulator = Debug|iPhoneSimulator
		Debug|x64 = Debug|x64
		Debug|x86 = Debug|x86
		Release|Any CPU = Release|Any CPU
		Release|ARM = Release|ARM
		Release|iPhone = Release|iPhone
		Release|iPhoneSimulator = Release|iPhoneSimulator
		Release|x64 = Release|x64
		Release|x86 = Release|x86
	EndGlobalSection
	GlobalSection(ProjectConfigurationPlatforms) = postSolution
		{0CAEE7EB-5C3F-4764-876E-2F03AE7D95DC}.Ad-Hoc|Any CPU.ActiveCfg = Release|Any CPU
		{0CAEE7EB-5C3F-4764-876E-2F03AE7D95DC}.Ad-Hoc|Any CPU.Build.0 = Release|Any CPU
		{0CAEE7EB-5C3F-4764-876E-2F03AE7D95DC}.Ad-Hoc|Any CPU.Deploy.0 = Release|Any CPU
		{0CAEE7EB-5C3F-4764-876E-2F03AE7D95DC}.Ad-Hoc|ARM.ActiveCfg = Release|Any CPU
		{0CAEE7EB-5C3F-4764-876E-2F03AE7D95DC}.Ad-Hoc|ARM.Build.0 = Release|Any CPU
		{0CAEE7EB-5C3F-4764-876E-2F03AE7D95DC}.Ad-Hoc|ARM.Deploy.0 = Release|Any CPU
		{0CAEE7EB-5C3F-4764-876E-2F03AE7D95DC}.Ad-Hoc|iPhone.ActiveCfg = Release|Any CPU
		{0CAEE7EB-5C3F-4764-876E-2F03AE7D95DC}.Ad-Hoc|iPhone.Build.0 = Release|Any CPU
		{0CAEE7EB-5C3F-4764-876E-2F03AE7D95DC}.Ad-Hoc|iPhone.Deploy.0 = Release|Any CPU
		{0CAEE7EB-5C3F-4764-876E-2F03AE7D95DC}.Ad-Hoc|iPhoneSimulator.ActiveCfg = Release|Any CPU
		{0CAEE7EB-5C3F-4764-876E-2F03AE7D95DC}.Ad-Hoc|iPhoneSimulator.Build.0 = Release|Any CPU
		{0CAEE7EB-5C3F-4764-876E-2F03AE7D95DC}.Ad-Hoc|iPhoneSimulator.Deploy.0 = Release|Any CPU
		{0CAEE7EB-5C3F-4764-876E-2F03AE7D95DC}.Ad-Hoc|x64.ActiveCfg = Release|Any CPU
		{0CAEE7EB-5C3F-4764-876E-2F03AE7D95DC}.Ad-Hoc|x64.Build.0 = Release|Any CPU
		{0CAEE7EB-5C3F-4764-876E-2F03AE7D95DC}.Ad-Hoc|x64.Deploy.0 = Release|Any CPU
		{0CAEE7EB-5C3F-4764-876E-2F03AE7D95DC}.Ad-Hoc|x86.ActiveCfg = Release|Any CPU
		{0CAEE7EB-5C3F-4764-876E-2F03AE7D95DC}.Ad-Hoc|x86.Build.0 = Release|Any CPU
		{0CAEE7EB-5C3F-4764-876E-2F03AE7D95DC}.Ad-Hoc|x86.Deploy.0 = Release|Any CPU
		{0CAEE7EB-5C3F-4764-876E-2F03AE7D95DC}.AppStore|Any CPU.ActiveCfg = Release|Any CPU
		{0CAEE7EB-5C3F-4764-876E-2F03AE7D95DC}.AppStore|Any CPU.Build.0 = Release|Any CPU
		{0CAEE7EB-5C3F-4764-876E-2F03AE7D95DC}.AppStore|Any CPU.Deploy.0 = Release|Any CPU
		{0CAEE7EB-5C3F-4764-876E-2F03AE7D95DC}.AppStore|ARM.ActiveCfg = Release|Any CPU
		{0CAEE7EB-5C3F-4764-876E-2F03AE7D95DC}.AppStore|ARM.Build.0 = Release|Any CPU
		{0CAEE7EB-5C3F-4764-876E-2F03AE7D95DC}.AppStore|ARM.Deploy.0 = Release|Any CPU
		{0CAEE7EB-5C3F-4764-876E-2F03AE7D95DC}.AppStore|iPhone.ActiveCfg = Release|Any CPU
		{0CAEE7EB-5C3F-4764-876E-2F03AE7D95DC}.AppStore|iPhone.Build.0 = Release|Any CPU
		{0CAEE7EB-5C3F-4764-876E-2F03AE7D95DC}.AppStore|iPhone.Deploy.0 = Release|Any CPU
		{0CAEE7EB-5C3F-4764-876E-2F03AE7D95DC}.AppStore|iPhoneSimulator.ActiveCfg = Release|Any CPU
		{0CAEE7EB-5C3F-4764-876E-2F03AE7D95DC}.AppStore|iPhoneSimulator.Build.0 = Release|Any CPU
		{0CAEE7EB-5C3F-4764-876E-2F03AE7D95DC}.AppStore|iPhoneSimulator.Deploy.0 = Release|Any CPU
		{0CAEE7EB-5C3F-4764-876E-2F03AE7D95DC}.AppStore|x64.ActiveCfg = Release|Any CPU
		{0CAEE7EB-5C3F-4764-876E-2F03AE7D95DC}.AppStore|x64.Build.0 = Release|Any CPU
		{0CAEE7EB-5C3F-4764-876E-2F03AE7D95DC}.AppStore|x64.Deploy.0 = Release|Any CPU
		{0CAEE7EB-5C3F-4764-876E-2F03AE7D95DC}.AppStore|x86.ActiveCfg = Release|Any CPU
		{0CAEE7EB-5C3F-4764-876E-2F03AE7D95DC}.AppStore|x86.Build.0 = Release|Any CPU
		{0CAEE7EB-5C3F-4764-876E-2F03AE7D95DC}.AppStore|x86.Deploy.0 = Release|Any CPU
		{0CAEE7EB-5C3F-4764-876E-2F03AE7D95DC}.Debug|Any CPU.ActiveCfg = Debug|Any CPU
		{0CAEE7EB-5C3F-4764-876E-2F03AE7D95DC}.Debug|Any CPU.Build.0 = Debug|Any CPU
		{0CAEE7EB-5C3F-4764-876E-2F03AE7D95DC}.Debug|Any CPU.Deploy.0 = Debug|Any CPU
		{0CAEE7EB-5C3F-4764-876E-2F03AE7D95DC}.Debug|ARM.ActiveCfg = Debug|Any CPU
		{0CAEE7EB-5C3F-4764-876E-2F03AE7D95DC}.Debug|ARM.Build.0 = Debug|Any CPU
		{0CAEE7EB-5C3F-4764-876E-2F03AE7D95DC}.Debug|ARM.Deploy.0 = Debug|Any CPU
		{0CAEE7EB-5C3F-4764-876E-2F03AE7D95DC}.Debug|iPhone.ActiveCfg = Debug|Any CPU
		{0CAEE7EB-5C3F-4764-876E-2F03AE7D95DC}.Debug|iPhone.Build.0 = Debug|Any CPU
		{0CAEE7EB-5C3F-4764-876E-2F03AE7D95DC}.Debug|iPhone.Deploy.0 = Debug|Any CPU
		{0CAEE7EB-5C3F-4764-876E-2F03AE7D95DC}.Debug|iPhoneSimulator.ActiveCfg = Debug|Any CPU
		{0CAEE7EB-5C3F-4764-876E-2F03AE7D95DC}.Debug|iPhoneSimulator.Build.0 = Debug|Any CPU
		{0CAEE7EB-5C3F-4764-876E-2F03AE7D95DC}.Debug|iPhoneSimulator.Deploy.0 = Debug|Any CPU
		{0CAEE7EB-5C3F-4764-876E-2F03AE7D95DC}.Debug|x64.ActiveCfg = Debug|Any CPU
		{0CAEE7EB-5C3F-4764-876E-2F03AE7D95DC}.Debug|x64.Build.0 = Debug|Any CPU
		{0CAEE7EB-5C3F-4764-876E-2F03AE7D95DC}.Debug|x64.Deploy.0 = Debug|Any CPU
		{0CAEE7EB-5C3F-4764-876E-2F03AE7D95DC}.Debug|x86.ActiveCfg = Debug|Any CPU
		{0CAEE7EB-5C3F-4764-876E-2F03AE7D95DC}.Debug|x86.Build.0 = Debug|Any CPU
		{0CAEE7EB-5C3F-4764-876E-2F03AE7D95DC}.Debug|x86.Deploy.0 = Debug|Any CPU
		{0CAEE7EB-5C3F-4764-876E-2F03AE7D95DC}.Release|Any CPU.ActiveCfg = Release|Any CPU
		{0CAEE7EB-5C3F-4764-876E-2F03AE7D95DC}.Release|Any CPU.Build.0 = Release|Any CPU
		{0CAEE7EB-5C3F-4764-876E-2F03AE7D95DC}.Release|Any CPU.Deploy.0 = Release|Any CPU
		{0CAEE7EB-5C3F-4764-876E-2F03AE7D95DC}.Release|ARM.ActiveCfg = Release|Any CPU
		{0CAEE7EB-5C3F-4764-876E-2F03AE7D95DC}.Release|ARM.Build.0 = Release|Any CPU
		{0CAEE7EB-5C3F-4764-876E-2F03AE7D95DC}.Release|ARM.Deploy.0 = Release|Any CPU
		{0CAEE7EB-5C3F-4764-876E-2F03AE7D95DC}.Release|iPhone.ActiveCfg = Release|Any CPU
		{0CAEE7EB-5C3F-4764-876E-2F03AE7D95DC}.Release|iPhone.Build.0 = Release|Any CPU
		{0CAEE7EB-5C3F-4764-876E-2F03AE7D95DC}.Release|iPhone.Deploy.0 = Release|Any CPU
		{0CAEE7EB-5C3F-4764-876E-2F03AE7D95DC}.Release|iPhoneSimulator.ActiveCfg = Release|Any CPU
		{0CAEE7EB-5C3F-4764-876E-2F03AE7D95DC}.Release|iPhoneSimulator.Build.0 = Release|Any CPU
		{0CAEE7EB-5C3F-4764-876E-2F03AE7D95DC}.Release|iPhoneSimulator.Deploy.0 = Release|Any CPU
		{0CAEE7EB-5C3F-4764-876E-2F03AE7D95DC}.Release|x64.ActiveCfg = Release|Any CPU
		{0CAEE7EB-5C3F-4764-876E-2F03AE7D95DC}.Release|x64.Build.0 = Release|Any CPU
		{0CAEE7EB-5C3F-4764-876E-2F03AE7D95DC}.Release|x64.Deploy.0 = Release|Any CPU
		{0CAEE7EB-5C3F-4764-876E-2F03AE7D95DC}.Release|x86.ActiveCfg = Release|Any CPU
		{0CAEE7EB-5C3F-4764-876E-2F03AE7D95DC}.Release|x86.Build.0 = Release|Any CPU
		{0CAEE7EB-5C3F-4764-876E-2F03AE7D95DC}.Release|x86.Deploy.0 = Release|Any CPU
		{009F8B4C-C064-4D27-BE89-7C5F588CC0AA}.Ad-Hoc|Any CPU.ActiveCfg = Ad-Hoc|iPhone
		{009F8B4C-C064-4D27-BE89-7C5F588CC0AA}.Ad-Hoc|ARM.ActiveCfg = Ad-Hoc|iPhone
		{009F8B4C-C064-4D27-BE89-7C5F588CC0AA}.Ad-Hoc|iPhone.ActiveCfg = Ad-Hoc|iPhone
		{009F8B4C-C064-4D27-BE89-7C5F588CC0AA}.Ad-Hoc|iPhone.Build.0 = Ad-Hoc|iPhone
		{009F8B4C-C064-4D27-BE89-7C5F588CC0AA}.Ad-Hoc|iPhoneSimulator.ActiveCfg = Ad-Hoc|iPhoneSimulator
		{009F8B4C-C064-4D27-BE89-7C5F588CC0AA}.Ad-Hoc|iPhoneSimulator.Build.0 = Ad-Hoc|iPhoneSimulator
		{009F8B4C-C064-4D27-BE89-7C5F588CC0AA}.Ad-Hoc|x64.ActiveCfg = Ad-Hoc|iPhone
		{009F8B4C-C064-4D27-BE89-7C5F588CC0AA}.Ad-Hoc|x86.ActiveCfg = Ad-Hoc|iPhone
		{009F8B4C-C064-4D27-BE89-7C5F588CC0AA}.AppStore|Any CPU.ActiveCfg = AppStore|iPhone
		{009F8B4C-C064-4D27-BE89-7C5F588CC0AA}.AppStore|ARM.ActiveCfg = AppStore|iPhone
		{009F8B4C-C064-4D27-BE89-7C5F588CC0AA}.AppStore|iPhone.ActiveCfg = AppStore|iPhone
		{009F8B4C-C064-4D27-BE89-7C5F588CC0AA}.AppStore|iPhone.Build.0 = AppStore|iPhone
		{009F8B4C-C064-4D27-BE89-7C5F588CC0AA}.AppStore|iPhoneSimulator.ActiveCfg = AppStore|iPhoneSimulator
		{009F8B4C-C064-4D27-BE89-7C5F588CC0AA}.AppStore|iPhoneSimulator.Build.0 = AppStore|iPhoneSimulator
		{009F8B4C-C064-4D27-BE89-7C5F588CC0AA}.AppStore|x64.ActiveCfg = AppStore|iPhone
		{009F8B4C-C064-4D27-BE89-7C5F588CC0AA}.AppStore|x86.ActiveCfg = AppStore|iPhone
		{009F8B4C-C064-4D27-BE89-7C5F588CC0AA}.Debug|Any CPU.ActiveCfg = Debug|iPhone
		{009F8B4C-C064-4D27-BE89-7C5F588CC0AA}.Debug|ARM.ActiveCfg = Debug|iPhone
		{009F8B4C-C064-4D27-BE89-7C5F588CC0AA}.Debug|iPhone.ActiveCfg = Debug|iPhone
		{009F8B4C-C064-4D27-BE89-7C5F588CC0AA}.Debug|iPhone.Build.0 = Debug|iPhone
		{009F8B4C-C064-4D27-BE89-7C5F588CC0AA}.Debug|iPhoneSimulator.ActiveCfg = Debug|iPhoneSimulator
		{009F8B4C-C064-4D27-BE89-7C5F588CC0AA}.Debug|iPhoneSimulator.Build.0 = Debug|iPhoneSimulator
		{009F8B4C-C064-4D27-BE89-7C5F588CC0AA}.Debug|x64.ActiveCfg = Debug|iPhone
		{009F8B4C-C064-4D27-BE89-7C5F588CC0AA}.Debug|x86.ActiveCfg = Debug|iPhone
		{009F8B4C-C064-4D27-BE89-7C5F588CC0AA}.Release|Any CPU.ActiveCfg = Release|iPhone
		{009F8B4C-C064-4D27-BE89-7C5F588CC0AA}.Release|ARM.ActiveCfg = Release|iPhone
		{009F8B4C-C064-4D27-BE89-7C5F588CC0AA}.Release|iPhone.ActiveCfg = Release|iPhone
		{009F8B4C-C064-4D27-BE89-7C5F588CC0AA}.Release|iPhone.Build.0 = Release|iPhone
		{009F8B4C-C064-4D27-BE89-7C5F588CC0AA}.Release|iPhoneSimulator.ActiveCfg = Release|iPhoneSimulator
		{009F8B4C-C064-4D27-BE89-7C5F588CC0AA}.Release|iPhoneSimulator.Build.0 = Release|iPhoneSimulator
		{009F8B4C-C064-4D27-BE89-7C5F588CC0AA}.Release|x64.ActiveCfg = Release|iPhone
		{009F8B4C-C064-4D27-BE89-7C5F588CC0AA}.Release|x86.ActiveCfg = Release|iPhone
		{25AADDB3-7921-4F77-BB3F-077C4FA4824A}.Ad-Hoc|Any CPU.ActiveCfg = Release|x86
		{25AADDB3-7921-4F77-BB3F-077C4FA4824A}.Ad-Hoc|Any CPU.Build.0 = Release|x86
		{25AADDB3-7921-4F77-BB3F-077C4FA4824A}.Ad-Hoc|Any CPU.Deploy.0 = Release|x86
		{25AADDB3-7921-4F77-BB3F-077C4FA4824A}.Ad-Hoc|ARM.ActiveCfg = Release|ARM
		{25AADDB3-7921-4F77-BB3F-077C4FA4824A}.Ad-Hoc|ARM.Build.0 = Release|ARM
		{25AADDB3-7921-4F77-BB3F-077C4FA4824A}.Ad-Hoc|ARM.Deploy.0 = Release|ARM
		{25AADDB3-7921-4F77-BB3F-077C4FA4824A}.Ad-Hoc|iPhone.ActiveCfg = Release|x86
		{25AADDB3-7921-4F77-BB3F-077C4FA4824A}.Ad-Hoc|iPhone.Build.0 = Release|x86
		{25AADDB3-7921-4F77-BB3F-077C4FA4824A}.Ad-Hoc|iPhone.Deploy.0 = Release|x86
		{25AADDB3-7921-4F77-BB3F-077C4FA4824A}.Ad-Hoc|iPhoneSimulator.ActiveCfg = Release|x86
		{25AADDB3-7921-4F77-BB3F-077C4FA4824A}.Ad-Hoc|iPhoneSimulator.Build.0 = Release|x86
		{25AADDB3-7921-4F77-BB3F-077C4FA4824A}.Ad-Hoc|iPhoneSimulator.Deploy.0 = Release|x86
		{25AADDB3-7921-4F77-BB3F-077C4FA4824A}.Ad-Hoc|x64.ActiveCfg = Release|x64
		{25AADDB3-7921-4F77-BB3F-077C4FA4824A}.Ad-Hoc|x64.Build.0 = Release|x64
		{25AADDB3-7921-4F77-BB3F-077C4FA4824A}.Ad-Hoc|x64.Deploy.0 = Release|x64
		{25AADDB3-7921-4F77-BB3F-077C4FA4824A}.Ad-Hoc|x86.ActiveCfg = Release|x86
		{25AADDB3-7921-4F77-BB3F-077C4FA4824A}.Ad-Hoc|x86.Build.0 = Release|x86
		{25AADDB3-7921-4F77-BB3F-077C4FA4824A}.Ad-Hoc|x86.Deploy.0 = Release|x86
		{25AADDB3-7921-4F77-BB3F-077C4FA4824A}.AppStore|Any CPU.ActiveCfg = Release|x86
		{25AADDB3-7921-4F77-BB3F-077C4FA4824A}.AppStore|Any CPU.Build.0 = Release|x86
		{25AADDB3-7921-4F77-BB3F-077C4FA4824A}.AppStore|Any CPU.Deploy.0 = Release|x86
		{25AADDB3-7921-4F77-BB3F-077C4FA4824A}.AppStore|ARM.ActiveCfg = Release|ARM
		{25AADDB3-7921-4F77-BB3F-077C4FA4824A}.AppStore|ARM.Build.0 = Release|ARM
		{25AADDB3-7921-4F77-BB3F-077C4FA4824A}.AppStore|ARM.Deploy.0 = Release|ARM
		{25AADDB3-7921-4F77-BB3F-077C4FA4824A}.AppStore|iPhone.ActiveCfg = Release|x86
		{25AADDB3-7921-4F77-BB3F-077C4FA4824A}.AppStore|iPhone.Build.0 = Release|x86
		{25AADDB3-7921-4F77-BB3F-077C4FA4824A}.AppStore|iPhone.Deploy.0 = Release|x86
		{25AADDB3-7921-4F77-BB3F-077C4FA4824A}.AppStore|iPhoneSimulator.ActiveCfg = Release|x86
		{25AADDB3-7921-4F77-BB3F-077C4FA4824A}.AppStore|iPhoneSimulator.Build.0 = Release|x86
		{25AADDB3-7921-4F77-BB3F-077C4FA4824A}.AppStore|iPhoneSimulator.Deploy.0 = Release|x86
		{25AADDB3-7921-4F77-BB3F-077C4FA4824A}.AppStore|x64.ActiveCfg = Release|x64
		{25AADDB3-7921-4F77-BB3F-077C4FA4824A}.AppStore|x64.Build.0 = Release|x64
		{25AADDB3-7921-4F77-BB3F-077C4FA4824A}.AppStore|x64.Deploy.0 = Release|x64
		{25AADDB3-7921-4F77-BB3F-077C4FA4824A}.AppStore|x86.ActiveCfg = Release|x86
		{25AADDB3-7921-4F77-BB3F-077C4FA4824A}.AppStore|x86.Build.0 = Release|x86
		{25AADDB3-7921-4F77-BB3F-077C4FA4824A}.AppStore|x86.Deploy.0 = Release|x86
		{25AADDB3-7921-4F77-BB3F-077C4FA4824A}.Debug|Any CPU.ActiveCfg = Debug|x86
		{25AADDB3-7921-4F77-BB3F-077C4FA4824A}.Debug|ARM.ActiveCfg = Debug|ARM
		{25AADDB3-7921-4F77-BB3F-077C4FA4824A}.Debug|ARM.Build.0 = Debug|ARM
		{25AADDB3-7921-4F77-BB3F-077C4FA4824A}.Debug|ARM.Deploy.0 = Debug|ARM
		{25AADDB3-7921-4F77-BB3F-077C4FA4824A}.Debug|iPhone.ActiveCfg = Debug|x86
		{25AADDB3-7921-4F77-BB3F-077C4FA4824A}.Debug|iPhoneSimulator.ActiveCfg = Debug|x86
		{25AADDB3-7921-4F77-BB3F-077C4FA4824A}.Debug|x64.ActiveCfg = Debug|x64
		{25AADDB3-7921-4F77-BB3F-077C4FA4824A}.Debug|x64.Build.0 = Debug|x64
		{25AADDB3-7921-4F77-BB3F-077C4FA4824A}.Debug|x64.Deploy.0 = Debug|x64
		{25AADDB3-7921-4F77-BB3F-077C4FA4824A}.Debug|x86.ActiveCfg = Debug|x86
		{25AADDB3-7921-4F77-BB3F-077C4FA4824A}.Debug|x86.Build.0 = Debug|x86
		{25AADDB3-7921-4F77-BB3F-077C4FA4824A}.Debug|x86.Deploy.0 = Debug|x86
		{25AADDB3-7921-4F77-BB3F-077C4FA4824A}.Release|Any CPU.ActiveCfg = Release|x86
		{25AADDB3-7921-4F77-BB3F-077C4FA4824A}.Release|ARM.ActiveCfg = Release|ARM
		{25AADDB3-7921-4F77-BB3F-077C4FA4824A}.Release|ARM.Build.0 = Release|ARM
		{25AADDB3-7921-4F77-BB3F-077C4FA4824A}.Release|ARM.Deploy.0 = Release|ARM
		{25AADDB3-7921-4F77-BB3F-077C4FA4824A}.Release|iPhone.ActiveCfg = Release|x86
		{25AADDB3-7921-4F77-BB3F-077C4FA4824A}.Release|iPhoneSimulator.ActiveCfg = Release|x86
		{25AADDB3-7921-4F77-BB3F-077C4FA4824A}.Release|x64.ActiveCfg = Release|x64
		{25AADDB3-7921-4F77-BB3F-077C4FA4824A}.Release|x64.Build.0 = Release|x64
		{25AADDB3-7921-4F77-BB3F-077C4FA4824A}.Release|x64.Deploy.0 = Release|x64
		{25AADDB3-7921-4F77-BB3F-077C4FA4824A}.Release|x86.ActiveCfg = Release|x86
		{25AADDB3-7921-4F77-BB3F-077C4FA4824A}.Release|x86.Build.0 = Release|x86
		{25AADDB3-7921-4F77-BB3F-077C4FA4824A}.Release|x86.Deploy.0 = Release|x86
		{BE059068-7D8B-4B39-A65E-BA68734521D7}.Ad-Hoc|Any CPU.ActiveCfg = Debug|Any CPU
		{BE059068-7D8B-4B39-A65E-BA68734521D7}.Ad-Hoc|Any CPU.Build.0 = Debug|Any CPU
		{BE059068-7D8B-4B39-A65E-BA68734521D7}.Ad-Hoc|ARM.ActiveCfg = Debug|Any CPU
		{BE059068-7D8B-4B39-A65E-BA68734521D7}.Ad-Hoc|ARM.Build.0 = Debug|Any CPU
		{BE059068-7D8B-4B39-A65E-BA68734521D7}.Ad-Hoc|iPhone.ActiveCfg = Debug|Any CPU
		{BE059068-7D8B-4B39-A65E-BA68734521D7}.Ad-Hoc|iPhone.Build.0 = Debug|Any CPU
		{BE059068-7D8B-4B39-A65E-BA68734521D7}.Ad-Hoc|iPhoneSimulator.ActiveCfg = Debug|Any CPU
		{BE059068-7D8B-4B39-A65E-BA68734521D7}.Ad-Hoc|iPhoneSimulator.Build.0 = Debug|Any CPU
		{BE059068-7D8B-4B39-A65E-BA68734521D7}.Ad-Hoc|x64.ActiveCfg = Debug|Any CPU
		{BE059068-7D8B-4B39-A65E-BA68734521D7}.Ad-Hoc|x64.Build.0 = Debug|Any CPU
		{BE059068-7D8B-4B39-A65E-BA68734521D7}.Ad-Hoc|x86.ActiveCfg = Debug|Any CPU
		{BE059068-7D8B-4B39-A65E-BA68734521D7}.Ad-Hoc|x86.Build.0 = Debug|Any CPU
		{BE059068-7D8B-4B39-A65E-BA68734521D7}.AppStore|Any CPU.ActiveCfg = Debug|Any CPU
		{BE059068-7D8B-4B39-A65E-BA68734521D7}.AppStore|Any CPU.Build.0 = Debug|Any CPU
		{BE059068-7D8B-4B39-A65E-BA68734521D7}.AppStore|ARM.ActiveCfg = Debug|Any CPU
		{BE059068-7D8B-4B39-A65E-BA68734521D7}.AppStore|ARM.Build.0 = Debug|Any CPU
		{BE059068-7D8B-4B39-A65E-BA68734521D7}.AppStore|iPhone.ActiveCfg = Debug|Any CPU
		{BE059068-7D8B-4B39-A65E-BA68734521D7}.AppStore|iPhone.Build.0 = Debug|Any CPU
		{BE059068-7D8B-4B39-A65E-BA68734521D7}.AppStore|iPhoneSimulator.ActiveCfg = Debug|Any CPU
		{BE059068-7D8B-4B39-A65E-BA68734521D7}.AppStore|iPhoneSimulator.Build.0 = Debug|Any CPU
		{BE059068-7D8B-4B39-A65E-BA68734521D7}.AppStore|x64.ActiveCfg = Debug|Any CPU
		{BE059068-7D8B-4B39-A65E-BA68734521D7}.AppStore|x64.Build.0 = Debug|Any CPU
		{BE059068-7D8B-4B39-A65E-BA68734521D7}.AppStore|x86.ActiveCfg = Debug|Any CPU
		{BE059068-7D8B-4B39-A65E-BA68734521D7}.AppStore|x86.Build.0 = Debug|Any CPU
		{BE059068-7D8B-4B39-A65E-BA68734521D7}.Debug|Any CPU.ActiveCfg = Debug|Any CPU
		{BE059068-7D8B-4B39-A65E-BA68734521D7}.Debug|Any CPU.Build.0 = Debug|Any CPU
		{BE059068-7D8B-4B39-A65E-BA68734521D7}.Debug|ARM.ActiveCfg = Debug|Any CPU
		{BE059068-7D8B-4B39-A65E-BA68734521D7}.Debug|ARM.Build.0 = Debug|Any CPU
		{BE059068-7D8B-4B39-A65E-BA68734521D7}.Debug|iPhone.ActiveCfg = Debug|Any CPU
		{BE059068-7D8B-4B39-A65E-BA68734521D7}.Debug|iPhone.Build.0 = Debug|Any CPU
		{BE059068-7D8B-4B39-A65E-BA68734521D7}.Debug|iPhoneSimulator.ActiveCfg = Debug|Any CPU
		{BE059068-7D8B-4B39-A65E-BA68734521D7}.Debug|iPhoneSimulator.Build.0 = Debug|Any CPU
		{BE059068-7D8B-4B39-A65E-BA68734521D7}.Debug|x64.ActiveCfg = Debug|Any CPU
		{BE059068-7D8B-4B39-A65E-BA68734521D7}.Debug|x64.Build.0 = Debug|Any CPU
		{BE059068-7D8B-4B39-A65E-BA68734521D7}.Debug|x86.ActiveCfg = Debug|Any CPU
		{BE059068-7D8B-4B39-A65E-BA68734521D7}.Debug|x86.Build.0 = Debug|Any CPU
		{BE059068-7D8B-4B39-A65E-BA68734521D7}.Release|Any CPU.ActiveCfg = Release|Any CPU
		{BE059068-7D8B-4B39-A65E-BA68734521D7}.Release|Any CPU.Build.0 = Release|Any CPU
		{BE059068-7D8B-4B39-A65E-BA68734521D7}.Release|ARM.ActiveCfg = Release|Any CPU
		{BE059068-7D8B-4B39-A65E-BA68734521D7}.Release|ARM.Build.0 = Release|Any CPU
		{BE059068-7D8B-4B39-A65E-BA68734521D7}.Release|iPhone.ActiveCfg = Release|Any CPU
		{BE059068-7D8B-4B39-A65E-BA68734521D7}.Release|iPhone.Build.0 = Release|Any CPU
		{BE059068-7D8B-4B39-A65E-BA68734521D7}.Release|iPhoneSimulator.ActiveCfg = Release|Any CPU
		{BE059068-7D8B-4B39-A65E-BA68734521D7}.Release|iPhoneSimulator.Build.0 = Release|Any CPU
		{BE059068-7D8B-4B39-A65E-BA68734521D7}.Release|x64.ActiveCfg = Release|Any CPU
		{BE059068-7D8B-4B39-A65E-BA68734521D7}.Release|x64.Build.0 = Release|Any CPU
		{BE059068-7D8B-4B39-A65E-BA68734521D7}.Release|x86.ActiveCfg = Release|Any CPU
		{BE059068-7D8B-4B39-A65E-BA68734521D7}.Release|x86.Build.0 = Release|Any CPU
	EndGlobalSection
	GlobalSection(SolutionProperties) = preSolution
		HideSolutionNode = FALSE
	EndGlobalSection
	GlobalSection(ExtensibilityGlobals) = postSolution
		SolutionGuid = {35B9E1A9-78E7-44B0-AC1C-F751C28A2D1A}
	EndGlobalSection
EndGlobal
